// !$*UTF8*$!
{
	archiveVersion = 1;
	classes = {
	};
	objectVersion = 46;
	objects = {

/* Begin PBXBuildFile section */
		62EC4F1A1D3DAD97004B7E13 /* AppDelegate.swift in Sources */ = {isa = PBXBuildFile; fileRef = 62EC4F191D3DAD97004B7E13 /* AppDelegate.swift */; };
		62EC4F1C1D3DAD97004B7E13 /* ViewController.swift in Sources */ = {isa = PBXBuildFile; fileRef = 62EC4F1B1D3DAD97004B7E13 /* ViewController.swift */; };
		62EC4F1F1D3DAD97004B7E13 /* Main.storyboard in Resources */ = {isa = PBXBuildFile; fileRef = 62EC4F1D1D3DAD97004B7E13 /* Main.storyboard */; };
		62EC4F211D3DAD97004B7E13 /* Assets.xcassets in Resources */ = {isa = PBXBuildFile; fileRef = 62EC4F201D3DAD97004B7E13 /* Assets.xcassets */; };
		62EC4F241D3DAD97004B7E13 /* LaunchScreen.storyboard in Resources */ = {isa = PBXBuildFile; fileRef = 62EC4F221D3DAD97004B7E13 /* LaunchScreen.storyboard */; };
/* End PBXBuildFile section */

/* Begin PBXFileReference section */
		62EC4F161D3DAD97004B7E13 /* rpgoop.app */ = {isa = PBXFileReference; explicitFileType = wrapper.application; includeInIndex = 0; path = rpgoop.app; sourceTree = BUILT_PRODUCTS_DIR; };
		62EC4F191D3DAD97004B7E13 /* AppDelegate.swift */ = {isa = PBXFileReference; lastKnownFileType = sourcecode.swift; path = AppDelegate.swift; sourceTree = "<group>"; };
		62EC4F1B1D3DAD97004B7E13 /* ViewController.swift */ = {isa = PBXFileReference; lastKnownFileType = sourcecode.swift; path = ViewController.swift; sourceTree = "<group>"; };
		62EC4F1E1D3DAD97004B7E13 /* Base */ = {isa = PBXFileReference; lastKnownFileType = file.storyboard; name = Base; path = Base.lproj/Main.storyboard; sourceTree = "<group>"; };
		62EC4F201D3DAD97004B7E13 /* Assets.xcassets */ = {isa = PBXFileReference; lastKnownFileType = folder.assetcatalog; path = Assets.xcassets; sourceTree = "<group>"; };
		62EC4F231D3DAD97004B7E13 /* Base */ = {isa = PBXFileReference; lastKnownFileType = file.storyboard; name = Base; path = Base.lproj/LaunchScreen.storyboard; sourceTree = "<group>"; };
		62EC4F251D3DAD97004B7E13 /* Info.plist */ = {isa = PBXFileReference; lastKnownFileType = text.plist.xml; path = Info.plist; sourceTree = "<group>"; };
/* End PBXFileReference section */

/* Begin PBXFrameworksBuildPhase section */
		62EC4F131D3DAD97004B7E13 /* Frameworks */ = {
			isa = PBXFrameworksBuildPhase;
			buildActionMask = 2147483647;
			files = (
			);
			runOnlyForDeploymentPostprocessing = 0;
		};
/* End PBXFrameworksBuildPhase section */

/* Begin PBXGroup section */
		62EC4F0D1D3DAD97004B7E13 = {
			isa = PBXGroup;
			children = (
				62EC4F181D3DAD97004B7E13 /* rpgoop */,
				62EC4F171D3DAD97004B7E13 /* Products */,
			);
			sourceTree = "<group>";
		};
		62EC4F171D3DAD97004B7E13 /* Products */ = {
			isa = PBXGroup;
			children = (
				62EC4F161D3DAD97004B7E13 /* rpgoop.app */,
			);
			name = Products;
			sourceTree = "<group>";
		};
		62EC4F181D3DAD97004B7E13 /* rpgoop */ = {
			isa = PBXGroup;
			children = (
				62EC4F191D3DAD97004B7E13 /* AppDelegate.swift */,
				62EC4F1B1D3DAD97004B7E13 /* ViewController.swift */,
				62EC4F1D1D3DAD97004B7E13 /* Main.storyboard */,
				62EC4F201D3DAD97004B7E13 /* Assets.xcassets */,
				62EC4F221D3DAD97004B7E13 /* LaunchScreen.storyboard */,
				62EC4F251D3DAD97004B7E13 /* Info.plist */,
			);
			path = rpgoop;
			sourceTree = "<group>";
		};
/* End PBXGroup section */

/* Begin PBXNativeTarget section */
		62EC4F151D3DAD97004B7E13 /* rpgoop */ = {
			isa = PBXNativeTarget;
			buildConfigurationList = 62EC4F281D3DAD98004B7E13 /* Build configuration list for PBXNativeTarget "rpgoop" */;
			buildPhases = (
				62EC4F121D3DAD97004B7E13 /* Sources */,
				62EC4F131D3DAD97004B7E13 /* Frameworks */,
				62EC4F141D3DAD97004B7E13 /* Resources */,
			);
			buildRules = (
			);
			dependencies = (
			);
			name = rpgoop;
			productName = rpgoop;
			productReference = 62EC4F161D3DAD97004B7E13 /* rpgoop.app */;
			productType = "com.apple.product-type.application";
		};
/* End PBXNativeTarget section */

/* Begin PBXProject section */
		62EC4F0E1D3DAD97004B7E13 /* Project object */ = {
			isa = PBXProject;
			attributes = {
				LastSwiftUpdateCheck = 0730;
				LastUpgradeCheck = 0730;
				ORGANIZATIONNAME = "Vandan Patel";
				TargetAttributes = {
					62EC4F151D3DAD97004B7E13 = {
						CreatedOnToolsVersion = 7.3.1;
					};
				};
			};
			buildConfigurationList = 62EC4F111D3DAD97004B7E13 /* Build configuration list for PBXProject "rpgoop" */;
			compatibilityVersion = "Xcode 3.2";
			developmentRegion = English;
			hasScannedForEncodings = 0;
			knownRegions = (
				en,
				Base,
			);
			mainGroup = 62EC4F0D1D3DAD97004B7E13;
			productRefGroup = 62EC4F171D3DAD97004B7E13 /* Products */;
			projectDirPath = "";
			projectRoot = "";
			targets = (
				62EC4F151D3DAD97004B7E13 /* rpgoop */,
			);
		};
/* End PBXProject section */

/* Begin PBXResourcesBuildPhase section */
		62EC4F141D3DAD97004B7E13 /* Resources */ = {
			isa = PBXResourcesBuildPhase;
			buildActionMask = 2147483647;
			files = (
				62EC4F241D3DAD97004B7E13 /* LaunchScreen.storyboard in Resources */,
				62EC4F211D3DAD97004B7E13 /* Assets.xcassets in Resources */,
				62EC4F1F1D3DAD97004B7E13 /* Main.storyboard in Resources */,
			);
			runOnlyForDeploymentPostprocessing = 0;
		};
/* End PBXResourcesBuildPhase section */

/* Begin PBXSourcesBuildPhase section */
		62EC4F121D3DAD97004B7E13 /* Sources */ = {
			isa = PBXSourcesBuildPhase;
			buildActionMask = 2147483647;
			files = (
				62EC4F1C1D3DAD97004B7E13 /* ViewController.swift in Sources */,
				62EC4F1A1D3DAD97004B7E13 /* AppDelegate.swift in Sources */,
			);
			runOnlyForDeploymentPostprocessing = 0;
		};
/* End PBXSourcesBuildPhase section */

/* Begin PBXVariantGroup section */
		62EC4F1D1D3DAD97004B7E13 /* Main.storyboard */ = {
			isa = PBXVariantGroup;
			children = (
				62EC4F1E1D3DAD97004B7E13 /* Base */,
			);
			name = Main.storyboard;
			sourceTree = "<group>";
		};
		62EC4F221D3DAD97004B7E13 /* LaunchScreen.storyboard */ = {
			isa = PBXVariantGroup;
			children = (
				62EC4F231D3DAD97004B7E13 /* Base */,
			);
			name = LaunchScreen.storyboard;
			sourceTree = "<group>";
		};
/* End PBXVariantGroup section */

/* Begin XCBuildConfiguration section */
		62EC4F261D3DAD98004B7E13 /* Debug */ = {
			isa = XCBuildConfiguration;
			buildSettings = {
				ALWAYS_SEARCH_USER_PATHS = NO;
				CLANG_ANALYZER_NONNULL = YES;
				CLANG_CXX_LANGUAGE_STANDARD = "gnu++0x";
				CLANG_CXX_LIBRARY = "libc++";
				CLANG_ENABLE_MODULES = YES;
				CLANG_ENABLE_OBJC_ARC = YES;
				CLANG_WARN_BOOL_CONVERSION = YES;
				CLANG_WARN_CONSTANT_CONVERSION = YES;
				CLANG_WARN_DIRECT_OBJC_ISA_USAGE = YES_ERROR;
				CLANG_WARN_EMPTY_BODY = YES;
				CLANG_WARN_ENUM_CONVERSION = YES;
				CLANG_WARN_INT_CONVERSION = YES;
				CLANG_WARN_OBJC_ROOT_CLASS = YES_ERROR;
				CLANG_WARN_UNREACHABLE_CODE = YES;
				CLANG_WARN__DUPLICATE_METHOD_MATCH = YES;
				"CODE_SIGN_IDENTITY[sdk=iphoneos*]" = "iPhone Developer";
				COPY_PHASE_STRIP = NO;
				DEBUG_INFORMATION_FORMAT = dwarf;
				ENABLE_STRICT_OBJC_MSGSEND = YES;
				ENABLE_TESTABILITY = YES;
				GCC_C_LANGUAGE_STANDARD = gnu99;
				GCC_DYNAMIC_NO_PIC = NO;
				GCC_NO_COMMON_BLOCKS = YES;
				GCC_OPTIMIZATION_LEVEL = 0;
				GCC_PREPROCESSOR_DEFINITIONS = (
					"DEBUG=1",
					"$(inherited)",
				);
				GCC_WARN_64_TO_32_BIT_CONVERSION = YES;
				GCC_WARN_ABOUT_RETURN_TYPE = YES_ERROR;
				GCC_WARN_UNDECLARED_SELECTOR = YES;
				GCC_WARN_UNINITIALIZED_AUTOS = YES_AGGRESSIVE;
				GCC_WARN_UNUSED_FUNCTION = YES;
				GCC_WARN_UNUSED_VARIABLE = YES;
				IPHONEOS_DEPLOYMENT_TARGET = 9.3;
				MTL_ENABLE_DEBUG_INFO = YES;
				ONLY_ACTIVE_ARCH = YES;
				SDKROOT = iphoneos;
				SWIFT_OPTIMIZATION_LEVEL = "-Onone";
				TARGETED_DEVICE_FAMILY = "1,2";
			};
			name = Debug;
		};
		62EC4F271D3DAD98004B7E13 /* Release */ = {
			isa = XCBuildConfiguration;
			buildSettings = {
				ALWAYS_SEARCH_USER_PATHS = NO;
				CLANG_ANALYZER_NONNULL = YES;
				CLANG_CXX_LANGUAGE_STANDARD = "gnu++0x";
				CLANG_CXX_LIBRARY = "libc++";
				CLANG_ENABLE_MODULES = YES;
				CLANG_ENABLE_OBJC_ARC = YES;
				CLANG_WARN_BOOL_CONVERSION = YES;
				CLANG_WARN_CONSTANT_CONVERSION = YES;
				CLANG_WARN_DIRECT_OBJC_ISA_USAGE = YES_ERROR;
				CLANG_WARN_EMPTY_BODY = YES;
				CLANG_WARN_ENUM_CONVERSION = YES;
				CLANG_WARN_INT_CONVERSION = YES;
				CLANG_WARN_OBJC_ROOT_CLASS = YES_ERROR;
				CLANG_WARN_UNREACHABLE_CODE = YES;
				CLANG_WARN__DUPLICATE_METHOD_MATCH = YES;
				"CODE_SIGN_IDENTITY[sdk=iphoneos*]" = "iPhone Developer";
				COPY_PHASE_STRIP = NO;
				DEBUG_INFORMATION_FORMAT = "dwarf-with-dsym";
				ENABLE_NS_ASSERTIONS = NO;
				ENABLE_STRICT_OBJC_MSGSEND = YES;
				GCC_C_LANGUAGE_STANDARD = gnu99;
				GCC_NO_COMMON_BLOCKS = YES;
				GCC_WARN_64_TO_32_BIT_CONVERSION = YES;
				GCC_WARN_ABOUT_RETURN_TYPE = YES_ERROR;
				GCC_WARN_UNDECLARED_SELECTOR = YES;
				GCC_WARN_UNINITIALIZED_AUTOS = YES_AGGRESSIVE;
				GCC_WARN_UNUSED_FUNCTION = YES;
				GCC_WARN_UNUSED_VARIABLE = YES;
				IPHONEOS_DEPLOYMENT_TARGET = 9.3;
				MTL_ENABLE_DEBUG_INFO = NO;
				SDKROOT = iphoneos;
				TARGETED_DEVICE_FAMILY = "1,2";
				VALIDATE_PRODUCT = YES;
			};
			name = Release;
		};
		62EC4F291D3DAD98004B7E13 /* Debug */ = {
			isa = XCBuildConfiguration;
			buildSettings = {
				ASSETCATALOG_COMPILER_APPICON_NAME = AppIcon;
				INFOPLIST_FILE = rpgoop/Info.plist;
				LD_RUNPATH_SEARCH_PATHS = "$(inherited) @executable_path/Frameworks";
				PRODUCT_BUNDLE_IDENTIFIER = com.vandanpatel.rpgoop;
				PRODUCT_NAME = "$(TARGET_NAME)";
			};
			name = Debug;
		};
		62EC4F2A1D3DAD98004B7E13 /* Release */ = {
			isa = XCBuildConfiguration;
			buildSettings = {
				ASSETCATALOG_COMPILER_APPICON_NAME = AppIcon;
				INFOPLIST_FILE = rpgoop/Info.plist;
				LD_RUNPATH_SEARCH_PATHS = "$(inherited) @executable_path/Frameworks";
				PRODUCT_BUNDLE_IDENTIFIER = com.vandanpatel.rpgoop;
				PRODUCT_NAME = "$(TARGET_NAME)";
			};
			name = Release;
		};
/* End XCBuildConfiguration section */

/* Begin XCConfigurationList section */
		62EC4F111D3DAD97004B7E13 /* Build configuration list for PBXProject "rpgoop" */ = {
			isa = XCConfigurationList;
			buildConfigurations = (
				62EC4F261D3DAD98004B7E13 /* Debug */,
				62EC4F271D3DAD98004B7E13 /* Release */,
			);
			defaultConfigurationIsVisible = 0;
			defaultConfigurationName = Release;
		};
		62EC4F281D3DAD98004B7E13 /* Build configuration list for PBXNativeTarget "rpgoop" */ = {
			isa = XCConfigurationList;
			buildConfigurations = (
				62EC4F291D3DAD98004B7E13 /* Debug */,
				62EC4F2A1D3DAD98004B7E13 /* Release */,
			);
			defaultConfigurationIsVisible = 0;
		};
/* End XCConfigurationList section */
	};
	rootObject = 62EC4F0E1D3DAD97004B7E13 /* Project object */;
}
